
Microsoft Visual Studio Solution File, Format Version 12.00
# Visual Studio Version 17
VisualStudioVersion = 17.11.35312.102
MinimumVisualStudioVersion = 10.0.40219.1
Project("{FAE04EC0-301F-11D3-BF4B-00C04F79EFBC}") = "Zyfra_Task4", "Zyfra_Task4.csproj", "{D8422E01-F3E1-4170-B558-5A7DD4801C82}"
EndProject
Global
	GlobalSection(SolutionConfigurationPlatforms) = preSolution
		Debug|Any CPU = Debug|Any CPU
		Release|Any CPU = Release|Any CPU
	EndGlobalSection
	GlobalSection(ProjectConfigurationPlatforms) = postSolution
		{D8422E01-F3E1-4170-B558-5A7DD4801C82}.Debug|Any CPU.ActiveCfg = Debug|Any CPU
		{D8422E01-F3E1-4170-B558-5A7DD4801C82}.Debug|Any CPU.Build.0 = Debug|Any CPU
		{D8422E01-F3E1-4170-B558-5A7DD4801C82}.Release|Any CPU.ActiveCfg = Release|Any CPU
		{D8422E01-F3E1-4170-B558-5A7DD4801C82}.Release|Any CPU.Build.0 = Release|Any CPU
	EndGlobalSection
	GlobalSection(SolutionProperties) = preSolution
		HideSolutionNode = FALSE
	EndGlobalSection
	GlobalSection(ExtensibilityGlobals) = postSolution
		SolutionGuid = {0800DA8A-CE86-4FA9-8697-2958E498C3E2}
	EndGlobalSection
EndGlobal
